
Microsoft Visual Studio Solution File, Format Version 12.00
# Visual Studio Version 17
VisualStudioVersion = 17.11.35219.272
MinimumVisualStudioVersion = 10.0.40219.1
Project("{8BC9CEB8-8B4A-11D0-8D11-00A0C91BC942}") = "MortgageAmortizationCalculator", "MortgageAmortizationCalculator.vcxproj", "{F6BA61C9-36C1-4C88-86B3-B875E9B6F0DA}"
EndProject
Global
	GlobalSection(SolutionConfigurationPlatforms) = preSolution
		Debug|x64 = Debug|x64
		Debug|x86 = Debug|x86
		Release|x64 = Release|x64
		Release|x86 = Release|x86
	EndGlobalSection
	GlobalSection(ProjectConfigurationPlatforms) = postSolution
		{F6BA61C9-36C1-4C88-86B3-B875E9B6F0DA}.Debug|x64.ActiveCfg = Debug|x64
		{F6BA61C9-36C1-4C88-86B3-B875E9B6F0DA}.Debug|x64.Build.0 = Debug|x64
		{F6BA61C9-36C1-4C88-86B3-B875E9B6F0DA}.Debug|x86.ActiveCfg = Debug|Win32
		{F6BA61C9-36C1-4C88-86B3-B875E9B6F0DA}.Debug|x86.Build.0 = Debug|Win32
		{F6BA61C9-36C1-4C88-86B3-B875E9B6F0DA}.Release|x64.ActiveCfg = Release|x64
		{F6BA61C9-36C1-4C88-86B3-B875E9B6F0DA}.Release|x64.Build.0 = Release|x64
		{F6BA61C9-36C1-4C88-86B3-B875E9B6F0DA}.Release|x86.ActiveCfg = Release|Win32
		{F6BA61C9-36C1-4C88-86B3-B875E9B6F0DA}.Release|x86.Build.0 = Release|Win32
	EndGlobalSection
	GlobalSection(SolutionProperties) = preSolution
		HideSolutionNode = FALSE
	EndGlobalSection
	GlobalSection(ExtensibilityGlobals) = postSolution
		SolutionGuid = {B759AC37-0C0A-40C0-BFCD-CC87F290D4FA}
	EndGlobalSection
EndGlobal
